
Microsoft Visual Studio Solution File, Format Version 12.00
# Visual Studio Version 16
VisualStudioVersion = 16.0.31005.135
MinimumVisualStudioVersion = 15.0.26124.0
Project("{9A19103F-16F7-4668-BE54-9A1E7A4F7556}") = "Application", "src\Application.csproj", "{4F7E4677-E250-4450-927C-F073C02AD67B}"
EndProject
Global
	GlobalSection(SolutionConfigurationPlatforms) = preSolution
		Debug|Any CPU = Debug|Any CPU
		Release|Any CPU = Release|Any CPU
	EndGlobalSection
	GlobalSection(ProjectConfigurationPlatforms) = postSolution
		{4F7E4677-E250-4450-927C-F073C02AD67B}.Debug|Any CPU.ActiveCfg = Debug|Any CPU
		{4F7E4677-E250-4450-927C-F073C02AD67B}.Debug|Any CPU.Build.0 = Debug|Any CPU
		{4F7E4677-E250-4450-927C-F073C02AD67B}.Release|Any CPU.ActiveCfg = Release|Any CPU
		{4F7E4677-E250-4450-927C-F073C02AD67B}.Release|Any CPU.Build.0 = Release|Any CPU
	EndGlobalSection
	GlobalSection(SolutionProperties) = preSolution
		HideSolutionNode = FALSE
	EndGlobalSection
	GlobalSection(ExtensibilityGlobals) = postSolution
		SolutionGuid = {0FF78254-D3B5-456B-83D5-2ACB15F15604}
	EndGlobalSection
EndGlobal
